
Microsoft Visual Studio Solution File, Format Version 12.00
# Visual Studio 15
VisualStudioVersion = 15.0.28307.1022
MinimumVisualStudioVersion = 10.0.40219.1
Project("{FAE04EC0-301F-11D3-BF4B-00C04F79EFBC}") = "Factory Method", "Factory Method\Factory Method.csproj", "{F0555B25-DEA9-4DAF-B495-03665246CD73}"
EndProject
Global
	GlobalSection(SolutionConfigurationPlatforms) = preSolution
		Debug|Any CPU = Debug|Any CPU
		Release|Any CPU = Release|Any CPU
	EndGlobalSection
	GlobalSection(ProjectConfigurationPlatforms) = postSolution
		{F0555B25-DEA9-4DAF-B495-03665246CD73}.Debug|Any CPU.ActiveCfg = Debug|Any CPU
		{F0555B25-DEA9-4DAF-B495-03665246CD73}.Debug|Any CPU.Build.0 = Debug|Any CPU
		{F0555B25-DEA9-4DAF-B495-03665246CD73}.Release|Any CPU.ActiveCfg = Release|Any CPU
		{F0555B25-DEA9-4DAF-B495-03665246CD73}.Release|Any CPU.Build.0 = Release|Any CPU
	EndGlobalSection
	GlobalSection(SolutionProperties) = preSolution
		HideSolutionNode = FALSE
	EndGlobalSection
	GlobalSection(ExtensibilityGlobals) = postSolution
		SolutionGuid = {4A64D67E-4F6C-4141-9A75-842591D45C58}
	EndGlobalSection
EndGlobal
